
Microsoft Visual Studio Solution File, Format Version 12.00
# Visual Studio 15
VisualStudioVersion = 15.0.28010.2048
MinimumVisualStudioVersion = 10.0.40219.1
Project("{FAE04EC0-301F-11D3-BF4B-00C04F79EFBC}") = "PathPlanning", "PathPlanning\PathPlanning.csproj", "{AE60EA95-6993-4809-928F-FF9F8F96B73C}"
EndProject
Global
	GlobalSection(SolutionConfigurationPlatforms) = preSolution
		Debug|Any CPU = Debug|Any CPU
		Release|Any CPU = Release|Any CPU
	EndGlobalSection
	GlobalSection(ProjectConfigurationPlatforms) = postSolution
		{AE60EA95-6993-4809-928F-FF9F8F96B73C}.Debug|Any CPU.ActiveCfg = Debug|Any CPU
		{AE60EA95-6993-4809-928F-FF9F8F96B73C}.Debug|Any CPU.Build.0 = Debug|Any CPU
		{AE60EA95-6993-4809-928F-FF9F8F96B73C}.Release|Any CPU.ActiveCfg = Release|Any CPU
		{AE60EA95-6993-4809-928F-FF9F8F96B73C}.Release|Any CPU.Build.0 = Release|Any CPU
	EndGlobalSection
	GlobalSection(SolutionProperties) = preSolution
		HideSolutionNode = FALSE
	EndGlobalSection
	GlobalSection(ExtensibilityGlobals) = postSolution
		SolutionGuid = {8735830E-67E0-4019-A0D4-99769A393A2F}
	EndGlobalSection
EndGlobal
