
Microsoft Visual Studio Solution File, Format Version 12.00
# Visual Studio 15
VisualStudioVersion = 15.0.26430.13
MinimumVisualStudioVersion = 10.0.40219.1
Project("{FAE04EC0-301F-11D3-BF4B-00C04F79EFBC}") = "FAB.Model", "FAB.Model.CSharp\FAB.Model.csproj", "{AD9DEA29-4E95-4773-84F6-55243C946B8A}"
EndProject
Project("{FAE04EC0-301F-11D3-BF4B-00C04F79EFBC}") = "FAB.Test.DataFixture", "FAB.DataFixture\FAB.Test.DataFixture.csproj", "{7CED0F0C-4586-43E8-93F1-2ABC0AB82F4B}"
EndProject
Project("{FAE04EC0-301F-11D3-BF4B-00C04F79EFBC}") = "FAB.Test.Model", "FAB.Test\FAB.Test.Model.csproj", "{2B57A55A-F8E6-403B-8D6A-B5BD8CD67E4D}"
EndProject
Project("{FAE04EC0-301F-11D3-BF4B-00C04F79EFBC}") = "FAB.Client.WinFormsUI", "FAB.WinForms UI\FAB.Client.WinFormsUI.csproj", "{35A6F6D0-C88F-4FE8-B151-3EF42BF1ABB7}"
EndProject
Project("{FAE04EC0-301F-11D3-BF4B-00C04F79EFBC}") = "FAB.Client.Console", "FAB.ConsoleUI\FAB.Client.Console.csproj", "{3927F33C-FFCB-4AC1-829F-E47546B14E43}"
EndProject
Project("{FAE04EC0-301F-11D3-BF4B-00C04F79EFBC}") = "FunctionalLibrary.Test", "..\FunctionalProgramming\FunctionalLibraryTest\FunctionalLibrary.Test.csproj", "{4D1C12F8-2D62-45A2-9FED-199CB57C19CF}"
EndProject
Project("{FAE04EC0-301F-11D3-BF4B-00C04F79EFBC}") = "FunctionalLibrary", "..\FunctionalProgramming\FunctionalLibrary.CSharp\FunctionalLibrary.csproj", "{7F308878-FD25-41BA-84BE-D96D6334B48F}"
EndProject
Global
	GlobalSection(SolutionConfigurationPlatforms) = preSolution
		Debug|Any CPU = Debug|Any CPU
		Release|Any CPU = Release|Any CPU
	EndGlobalSection
	GlobalSection(ProjectConfigurationPlatforms) = postSolution
		{AD9DEA29-4E95-4773-84F6-55243C946B8A}.Debug|Any CPU.ActiveCfg = Debug|Any CPU
		{AD9DEA29-4E95-4773-84F6-55243C946B8A}.Debug|Any CPU.Build.0 = Debug|Any CPU
		{AD9DEA29-4E95-4773-84F6-55243C946B8A}.Release|Any CPU.ActiveCfg = Release|Any CPU
		{AD9DEA29-4E95-4773-84F6-55243C946B8A}.Release|Any CPU.Build.0 = Release|Any CPU
		{7CED0F0C-4586-43E8-93F1-2ABC0AB82F4B}.Debug|Any CPU.ActiveCfg = Debug|Any CPU
		{7CED0F0C-4586-43E8-93F1-2ABC0AB82F4B}.Debug|Any CPU.Build.0 = Debug|Any CPU
		{7CED0F0C-4586-43E8-93F1-2ABC0AB82F4B}.Release|Any CPU.ActiveCfg = Release|Any CPU
		{7CED0F0C-4586-43E8-93F1-2ABC0AB82F4B}.Release|Any CPU.Build.0 = Release|Any CPU
		{2B57A55A-F8E6-403B-8D6A-B5BD8CD67E4D}.Debug|Any CPU.ActiveCfg = Debug|Any CPU
		{2B57A55A-F8E6-403B-8D6A-B5BD8CD67E4D}.Debug|Any CPU.Build.0 = Debug|Any CPU
		{2B57A55A-F8E6-403B-8D6A-B5BD8CD67E4D}.Release|Any CPU.ActiveCfg = Release|Any CPU
		{2B57A55A-F8E6-403B-8D6A-B5BD8CD67E4D}.Release|Any CPU.Build.0 = Release|Any CPU
		{35A6F6D0-C88F-4FE8-B151-3EF42BF1ABB7}.Debug|Any CPU.ActiveCfg = Debug|Any CPU
		{35A6F6D0-C88F-4FE8-B151-3EF42BF1ABB7}.Debug|Any CPU.Build.0 = Debug|Any CPU
		{35A6F6D0-C88F-4FE8-B151-3EF42BF1ABB7}.Release|Any CPU.ActiveCfg = Release|Any CPU
		{35A6F6D0-C88F-4FE8-B151-3EF42BF1ABB7}.Release|Any CPU.Build.0 = Release|Any CPU
		{3927F33C-FFCB-4AC1-829F-E47546B14E43}.Debug|Any CPU.ActiveCfg = Debug|Any CPU
		{3927F33C-FFCB-4AC1-829F-E47546B14E43}.Debug|Any CPU.Build.0 = Debug|Any CPU
		{3927F33C-FFCB-4AC1-829F-E47546B14E43}.Release|Any CPU.ActiveCfg = Release|Any CPU
		{3927F33C-FFCB-4AC1-829F-E47546B14E43}.Release|Any CPU.Build.0 = Release|Any CPU
		{4D1C12F8-2D62-45A2-9FED-199CB57C19CF}.Debug|Any CPU.ActiveCfg = Debug|Any CPU
		{4D1C12F8-2D62-45A2-9FED-199CB57C19CF}.Debug|Any CPU.Build.0 = Debug|Any CPU
		{4D1C12F8-2D62-45A2-9FED-199CB57C19CF}.Release|Any CPU.ActiveCfg = Release|Any CPU
		{4D1C12F8-2D62-45A2-9FED-199CB57C19CF}.Release|Any CPU.Build.0 = Release|Any CPU
		{7F308878-FD25-41BA-84BE-D96D6334B48F}.Debug|Any CPU.ActiveCfg = Debug|Any CPU
		{7F308878-FD25-41BA-84BE-D96D6334B48F}.Debug|Any CPU.Build.0 = Debug|Any CPU
		{7F308878-FD25-41BA-84BE-D96D6334B48F}.Release|Any CPU.ActiveCfg = Release|Any CPU
		{7F308878-FD25-41BA-84BE-D96D6334B48F}.Release|Any CPU.Build.0 = Release|Any CPU
	EndGlobalSection
	GlobalSection(SolutionProperties) = preSolution
		HideSolutionNode = FALSE
	EndGlobalSection
EndGlobal
