
Microsoft Visual Studio Solution File, Format Version 12.00
# Visual Studio 15
VisualStudioVersion = 15.0.28010.2048
MinimumVisualStudioVersion = 10.0.40219.1
Project("{FAE04EC0-301F-11D3-BF4B-00C04F79EFBC}") = "Quadrivia.FunctionalLibrary.Test", "FunctionalLibraryTest\Quadrivia.FunctionalLibrary.Test.csproj", "{4D1C12F8-2D62-45A2-9FED-199CB57C19CF}"
EndProject
Project("{FAE04EC0-301F-11D3-BF4B-00C04F79EFBC}") = "Quadrivia.FunctionalLibrary", "FunctionalLibrary\Quadrivia.FunctionalLibrary.csproj", "{7F308878-FD25-41BA-84BE-D96D6334B48F}"
EndProject
Global
	GlobalSection(SolutionConfigurationPlatforms) = preSolution
		Debug|Any CPU = Debug|Any CPU
		Release|Any CPU = Release|Any CPU
	EndGlobalSection
	GlobalSection(ProjectConfigurationPlatforms) = postSolution
		{4D1C12F8-2D62-45A2-9FED-199CB57C19CF}.Debug|Any CPU.ActiveCfg = Debug|Any CPU
		{4D1C12F8-2D62-45A2-9FED-199CB57C19CF}.Debug|Any CPU.Build.0 = Debug|Any CPU
		{4D1C12F8-2D62-45A2-9FED-199CB57C19CF}.Release|Any CPU.ActiveCfg = Release|Any CPU
		{4D1C12F8-2D62-45A2-9FED-199CB57C19CF}.Release|Any CPU.Build.0 = Release|Any CPU
		{7F308878-FD25-41BA-84BE-D96D6334B48F}.Debug|Any CPU.ActiveCfg = Debug|Any CPU
		{7F308878-FD25-41BA-84BE-D96D6334B48F}.Debug|Any CPU.Build.0 = Debug|Any CPU
		{7F308878-FD25-41BA-84BE-D96D6334B48F}.Release|Any CPU.ActiveCfg = Release|Any CPU
		{7F308878-FD25-41BA-84BE-D96D6334B48F}.Release|Any CPU.Build.0 = Release|Any CPU
	EndGlobalSection
	GlobalSection(SolutionProperties) = preSolution
		HideSolutionNode = FALSE
	EndGlobalSection
	GlobalSection(ExtensibilityGlobals) = postSolution
		SolutionGuid = {9FF3A27B-3EE8-4C8E-871B-4BCCF7246BE5}
	EndGlobalSection
EndGlobal
