
Microsoft Visual Studio Solution File, Format Version 12.00
# Visual Studio 15
VisualStudioVersion = 15.0.26430.13
MinimumVisualStudioVersion = 10.0.40219.1
Project("{FAE04EC0-301F-11D3-BF4B-00C04F79EFBC}") = "Console", "MyFirstConsoleApp\Console.csproj", "{8C219956-AE4E-48C1-9B5B-B61C66AD862A}"
EndProject
Project("{FAE04EC0-301F-11D3-BF4B-00C04F79EFBC}") = "MyGeometryLibrary", "MyGeometryLibrary\MyGeometryLibrary.csproj", "{9E387E29-C703-425D-A07D-F85A60680D7E}"
EndProject
Global
	GlobalSection(SolutionConfigurationPlatforms) = preSolution
		Debug|Any CPU = Debug|Any CPU
		Release|Any CPU = Release|Any CPU
	EndGlobalSection
	GlobalSection(ProjectConfigurationPlatforms) = postSolution
		{8C219956-AE4E-48C1-9B5B-B61C66AD862A}.Debug|Any CPU.ActiveCfg = Debug|Any CPU
		{8C219956-AE4E-48C1-9B5B-B61C66AD862A}.Debug|Any CPU.Build.0 = Debug|Any CPU
		{8C219956-AE4E-48C1-9B5B-B61C66AD862A}.Release|Any CPU.ActiveCfg = Release|Any CPU
		{8C219956-AE4E-48C1-9B5B-B61C66AD862A}.Release|Any CPU.Build.0 = Release|Any CPU
		{9E387E29-C703-425D-A07D-F85A60680D7E}.Debug|Any CPU.ActiveCfg = Debug|Any CPU
		{9E387E29-C703-425D-A07D-F85A60680D7E}.Debug|Any CPU.Build.0 = Debug|Any CPU
		{9E387E29-C703-425D-A07D-F85A60680D7E}.Release|Any CPU.ActiveCfg = Release|Any CPU
		{9E387E29-C703-425D-A07D-F85A60680D7E}.Release|Any CPU.Build.0 = Release|Any CPU
	EndGlobalSection
	GlobalSection(SolutionProperties) = preSolution
		HideSolutionNode = FALSE
	EndGlobalSection
EndGlobal
