
Microsoft Visual Studio Solution File, Format Version 12.00
# Visual Studio 14
VisualStudioVersion = 14.0.25420.1
MinimumVisualStudioVersion = 10.0.40219.1
Project("{FAE04EC0-301F-11D3-BF4B-00C04F79EFBC}") = "FromScratch", "FromScratch\FromScratch.csproj", "{499BF29F-78FB-48D8-B151-552E6E0435F6}"
EndProject
Project("{FAE04EC0-301F-11D3-BF4B-00C04F79EFBC}") = "Reversi", "Reversi.csproj", "{A3526DBC-DA58-4C0C-BB33-0BA189BD791D}"
EndProject
Global
	GlobalSection(SolutionConfigurationPlatforms) = preSolution
		Debug|Any CPU = Debug|Any CPU
		Release|Any CPU = Release|Any CPU
	EndGlobalSection
	GlobalSection(ProjectConfigurationPlatforms) = postSolution
		{499BF29F-78FB-48D8-B151-552E6E0435F6}.Debug|Any CPU.ActiveCfg = Debug|Any CPU
		{499BF29F-78FB-48D8-B151-552E6E0435F6}.Debug|Any CPU.Build.0 = Debug|Any CPU
		{499BF29F-78FB-48D8-B151-552E6E0435F6}.Release|Any CPU.ActiveCfg = Release|Any CPU
		{499BF29F-78FB-48D8-B151-552E6E0435F6}.Release|Any CPU.Build.0 = Release|Any CPU
		{A3526DBC-DA58-4C0C-BB33-0BA189BD791D}.Debug|Any CPU.ActiveCfg = Debug|Any CPU
		{A3526DBC-DA58-4C0C-BB33-0BA189BD791D}.Debug|Any CPU.Build.0 = Debug|Any CPU
		{A3526DBC-DA58-4C0C-BB33-0BA189BD791D}.Release|Any CPU.ActiveCfg = Release|Any CPU
		{A3526DBC-DA58-4C0C-BB33-0BA189BD791D}.Release|Any CPU.Build.0 = Release|Any CPU
	EndGlobalSection
	GlobalSection(SolutionProperties) = preSolution
		HideSolutionNode = FALSE
	EndGlobalSection
EndGlobal
