
Microsoft Visual Studio Solution File, Format Version 12.00
# Visual Studio 15
VisualStudioVersion = 15.0.26430.13
MinimumVisualStudioVersion = 10.0.40219.1
Project("{FAE04EC0-301F-11D3-BF4B-00C04F79EFBC}") = "Boom.Model", "Boom.Model\Boom.Model.csproj", "{AD9DEA29-4E95-4773-84F6-55243C946B8A}"
EndProject
Project("{FAE04EC0-301F-11D3-BF4B-00C04F79EFBC}") = "Boom.ConsoleUI", "Boom.ConsoleUI\Boom.ConsoleUI.csproj", "{3927F33C-FFCB-4AC1-829F-E47546B14E43}"
EndProject
Project("{FAE04EC0-301F-11D3-BF4B-00C04F79EFBC}") = "Boom.DataFixture", "Boom.DataFixture\Boom.DataFixture.csproj", "{7CED0F0C-4586-43E8-93F1-2ABC0AB82F4B}"
EndProject
Project("{FAE04EC0-301F-11D3-BF4B-00C04F79EFBC}") = "TechnicalServices", "TechnicalServices\TechnicalServices.csproj", "{B1014419-CEEC-4288-A9B4-B98C79ED9CB3}"
EndProject
Project("{FAE04EC0-301F-11D3-BF4B-00C04F79EFBC}") = "Boom.Test", "Boom.Test\Boom.Test.csproj", "{2B57A55A-F8E6-403B-8D6A-B5BD8CD67E4D}"
EndProject
Project("{FAE04EC0-301F-11D3-BF4B-00C04F79EFBC}") = "Boom.WinFormsUI", "Boom.WinForms UI\Boom.WinFormsUI.csproj", "{35A6F6D0-C88F-4FE8-B151-3EF42BF1ABB7}"
EndProject
Project("{FAE04EC0-301F-11D3-BF4B-00C04F79EFBC}") = "GUI", "GUI\GUI.csproj", "{A1AD2D7C-0612-455C-BF1D-ABB9737D3FDB}"
EndProject
Global
	GlobalSection(SolutionConfigurationPlatforms) = preSolution
		Debug|Any CPU = Debug|Any CPU
		Release|Any CPU = Release|Any CPU
	EndGlobalSection
	GlobalSection(ProjectConfigurationPlatforms) = postSolution
		{AD9DEA29-4E95-4773-84F6-55243C946B8A}.Debug|Any CPU.ActiveCfg = Debug|Any CPU
		{AD9DEA29-4E95-4773-84F6-55243C946B8A}.Debug|Any CPU.Build.0 = Debug|Any CPU
		{AD9DEA29-4E95-4773-84F6-55243C946B8A}.Release|Any CPU.ActiveCfg = Release|Any CPU
		{AD9DEA29-4E95-4773-84F6-55243C946B8A}.Release|Any CPU.Build.0 = Release|Any CPU
		{3927F33C-FFCB-4AC1-829F-E47546B14E43}.Debug|Any CPU.ActiveCfg = Debug|Any CPU
		{3927F33C-FFCB-4AC1-829F-E47546B14E43}.Debug|Any CPU.Build.0 = Debug|Any CPU
		{3927F33C-FFCB-4AC1-829F-E47546B14E43}.Release|Any CPU.ActiveCfg = Release|Any CPU
		{3927F33C-FFCB-4AC1-829F-E47546B14E43}.Release|Any CPU.Build.0 = Release|Any CPU
		{7CED0F0C-4586-43E8-93F1-2ABC0AB82F4B}.Debug|Any CPU.ActiveCfg = Debug|Any CPU
		{7CED0F0C-4586-43E8-93F1-2ABC0AB82F4B}.Debug|Any CPU.Build.0 = Debug|Any CPU
		{7CED0F0C-4586-43E8-93F1-2ABC0AB82F4B}.Release|Any CPU.ActiveCfg = Release|Any CPU
		{7CED0F0C-4586-43E8-93F1-2ABC0AB82F4B}.Release|Any CPU.Build.0 = Release|Any CPU
		{B1014419-CEEC-4288-A9B4-B98C79ED9CB3}.Debug|Any CPU.ActiveCfg = Debug|Any CPU
		{B1014419-CEEC-4288-A9B4-B98C79ED9CB3}.Debug|Any CPU.Build.0 = Debug|Any CPU
		{B1014419-CEEC-4288-A9B4-B98C79ED9CB3}.Release|Any CPU.ActiveCfg = Release|Any CPU
		{B1014419-CEEC-4288-A9B4-B98C79ED9CB3}.Release|Any CPU.Build.0 = Release|Any CPU
		{2B57A55A-F8E6-403B-8D6A-B5BD8CD67E4D}.Debug|Any CPU.ActiveCfg = Debug|Any CPU
		{2B57A55A-F8E6-403B-8D6A-B5BD8CD67E4D}.Debug|Any CPU.Build.0 = Debug|Any CPU
		{2B57A55A-F8E6-403B-8D6A-B5BD8CD67E4D}.Release|Any CPU.ActiveCfg = Release|Any CPU
		{2B57A55A-F8E6-403B-8D6A-B5BD8CD67E4D}.Release|Any CPU.Build.0 = Release|Any CPU
		{35A6F6D0-C88F-4FE8-B151-3EF42BF1ABB7}.Debug|Any CPU.ActiveCfg = Debug|Any CPU
		{35A6F6D0-C88F-4FE8-B151-3EF42BF1ABB7}.Debug|Any CPU.Build.0 = Debug|Any CPU
		{35A6F6D0-C88F-4FE8-B151-3EF42BF1ABB7}.Release|Any CPU.ActiveCfg = Release|Any CPU
		{35A6F6D0-C88F-4FE8-B151-3EF42BF1ABB7}.Release|Any CPU.Build.0 = Release|Any CPU
		{A1AD2D7C-0612-455C-BF1D-ABB9737D3FDB}.Debug|Any CPU.ActiveCfg = Debug|Any CPU
		{A1AD2D7C-0612-455C-BF1D-ABB9737D3FDB}.Debug|Any CPU.Build.0 = Debug|Any CPU
		{A1AD2D7C-0612-455C-BF1D-ABB9737D3FDB}.Release|Any CPU.ActiveCfg = Release|Any CPU
		{A1AD2D7C-0612-455C-BF1D-ABB9737D3FDB}.Release|Any CPU.Build.0 = Release|Any CPU
	EndGlobalSection
	GlobalSection(SolutionProperties) = preSolution
		HideSolutionNode = FALSE
	EndGlobalSection
EndGlobal
