
Microsoft Visual Studio Solution File, Format Version 12.00
# Visual Studio 15
VisualStudioVersion = 15.0.27130.2027
MinimumVisualStudioVersion = 10.0.40219.1
Project("{F184B08F-C81C-45F6-A57F-5ABD9991F28F}") = "Calculator", "Calculator\Calculator.vbproj", "{A5DABFAA-5CBF-4CF4-B32D-AC8B9AF6C687}"
EndProject
Project("{F184B08F-C81C-45F6-A57F-5ABD9991F28F}") = "UnitTests", "UnitTests\UnitTests.vbproj", "{5F1537F7-5DE8-4878-B660-AB121C615378}"
EndProject
Global
	GlobalSection(SolutionConfigurationPlatforms) = preSolution
		Debug|Any CPU = Debug|Any CPU
		Release|Any CPU = Release|Any CPU
	EndGlobalSection
	GlobalSection(ProjectConfigurationPlatforms) = postSolution
		{A5DABFAA-5CBF-4CF4-B32D-AC8B9AF6C687}.Debug|Any CPU.ActiveCfg = Debug|Any CPU
		{A5DABFAA-5CBF-4CF4-B32D-AC8B9AF6C687}.Debug|Any CPU.Build.0 = Debug|Any CPU
		{A5DABFAA-5CBF-4CF4-B32D-AC8B9AF6C687}.Release|Any CPU.ActiveCfg = Release|Any CPU
		{A5DABFAA-5CBF-4CF4-B32D-AC8B9AF6C687}.Release|Any CPU.Build.0 = Release|Any CPU
		{5F1537F7-5DE8-4878-B660-AB121C615378}.Debug|Any CPU.ActiveCfg = Debug|Any CPU
		{5F1537F7-5DE8-4878-B660-AB121C615378}.Debug|Any CPU.Build.0 = Debug|Any CPU
		{5F1537F7-5DE8-4878-B660-AB121C615378}.Release|Any CPU.ActiveCfg = Release|Any CPU
		{5F1537F7-5DE8-4878-B660-AB121C615378}.Release|Any CPU.Build.0 = Release|Any CPU
	EndGlobalSection
	GlobalSection(SolutionProperties) = preSolution
		HideSolutionNode = FALSE
	EndGlobalSection
	GlobalSection(ExtensibilityGlobals) = postSolution
		SolutionGuid = {5EEAFC79-0FB7-4D7F-865D-D9B9EE966FBC}
	EndGlobalSection
EndGlobal
