
Microsoft Visual Studio Solution File, Format Version 12.00
# Visual Studio 14
VisualStudioVersion = 14.0.25420.1
MinimumVisualStudioVersion = 10.0.40219.1
Project("{FAE04EC0-301F-11D3-BF4B-00C04F79EFBC}") = "Drawing.Model", "Drawing.Model\Drawing.Model.csproj", "{F68898ED-827F-4892-81F4-6D7141D87B77}"
EndProject
Project("{FAE04EC0-301F-11D3-BF4B-00C04F79EFBC}") = "Drawing.DataFixture", "Drawing.DataFixture\Drawing.DataFixture.csproj", "{B0940DAA-A31B-4D57-9EB6-E195BABE6539}"
EndProject
Project("{FAE04EC0-301F-11D3-BF4B-00C04F79EFBC}") = "Drawing.ConsoleUI", "Drawing.ConsoleUI\Drawing.ConsoleUI.csproj", "{FDAABE52-7182-4EB9-AD86-A972A8B72594}"
EndProject
Global
	GlobalSection(SolutionConfigurationPlatforms) = preSolution
		Debug|Any CPU = Debug|Any CPU
		Release|Any CPU = Release|Any CPU
	EndGlobalSection
	GlobalSection(ProjectConfigurationPlatforms) = postSolution
		{F68898ED-827F-4892-81F4-6D7141D87B77}.Debug|Any CPU.ActiveCfg = Debug|Any CPU
		{F68898ED-827F-4892-81F4-6D7141D87B77}.Debug|Any CPU.Build.0 = Debug|Any CPU
		{F68898ED-827F-4892-81F4-6D7141D87B77}.Release|Any CPU.ActiveCfg = Release|Any CPU
		{F68898ED-827F-4892-81F4-6D7141D87B77}.Release|Any CPU.Build.0 = Release|Any CPU
		{B0940DAA-A31B-4D57-9EB6-E195BABE6539}.Debug|Any CPU.ActiveCfg = Debug|Any CPU
		{B0940DAA-A31B-4D57-9EB6-E195BABE6539}.Debug|Any CPU.Build.0 = Debug|Any CPU
		{B0940DAA-A31B-4D57-9EB6-E195BABE6539}.Release|Any CPU.ActiveCfg = Release|Any CPU
		{B0940DAA-A31B-4D57-9EB6-E195BABE6539}.Release|Any CPU.Build.0 = Release|Any CPU
		{FDAABE52-7182-4EB9-AD86-A972A8B72594}.Debug|Any CPU.ActiveCfg = Debug|Any CPU
		{FDAABE52-7182-4EB9-AD86-A972A8B72594}.Debug|Any CPU.Build.0 = Debug|Any CPU
		{FDAABE52-7182-4EB9-AD86-A972A8B72594}.Release|Any CPU.ActiveCfg = Release|Any CPU
		{FDAABE52-7182-4EB9-AD86-A972A8B72594}.Release|Any CPU.Build.0 = Release|Any CPU
	EndGlobalSection
	GlobalSection(SolutionProperties) = preSolution
		HideSolutionNode = FALSE
	EndGlobalSection
EndGlobal
