
Microsoft Visual Studio Solution File, Format Version 12.00
# Visual Studio 15
VisualStudioVersion = 15.0.26430.13
MinimumVisualStudioVersion = 10.0.40219.1
Project("{FAE04EC0-301F-11D3-BF4B-00C04F79EFBC}") = "SnowFlake", "Snowflake\SnowFlake.csproj", "{603B1CB3-464E-42D3-9527-74F093F6BC65}"
EndProject
Project("{FAE04EC0-301F-11D3-BF4B-00C04F79EFBC}") = "Trees", "Trees\Trees.csproj", "{2F20AE6A-A74B-4FAE-989C-F3FF2F0E31A6}"
EndProject
Global
	GlobalSection(SolutionConfigurationPlatforms) = preSolution
		Debug|Any CPU = Debug|Any CPU
		Release|Any CPU = Release|Any CPU
	EndGlobalSection
	GlobalSection(ProjectConfigurationPlatforms) = postSolution
		{603B1CB3-464E-42D3-9527-74F093F6BC65}.Debug|Any CPU.ActiveCfg = Debug|Any CPU
		{603B1CB3-464E-42D3-9527-74F093F6BC65}.Debug|Any CPU.Build.0 = Debug|Any CPU
		{603B1CB3-464E-42D3-9527-74F093F6BC65}.Release|Any CPU.ActiveCfg = Release|Any CPU
		{603B1CB3-464E-42D3-9527-74F093F6BC65}.Release|Any CPU.Build.0 = Release|Any CPU
		{2F20AE6A-A74B-4FAE-989C-F3FF2F0E31A6}.Debug|Any CPU.ActiveCfg = Debug|Any CPU
		{2F20AE6A-A74B-4FAE-989C-F3FF2F0E31A6}.Debug|Any CPU.Build.0 = Debug|Any CPU
		{2F20AE6A-A74B-4FAE-989C-F3FF2F0E31A6}.Release|Any CPU.ActiveCfg = Release|Any CPU
		{2F20AE6A-A74B-4FAE-989C-F3FF2F0E31A6}.Release|Any CPU.Build.0 = Release|Any CPU
	EndGlobalSection
	GlobalSection(SolutionProperties) = preSolution
		HideSolutionNode = FALSE
	EndGlobalSection
EndGlobal
