
Microsoft Visual Studio Solution File, Format Version 12.00
# Visual Studio 14
VisualStudioVersion = 14.0.25420.1
MinimumVisualStudioVersion = 10.0.40219.1
Project("{FAE04EC0-301F-11D3-BF4B-00C04F79EFBC}") = "FilmRentals.Model", "Model\FilmRentals.Model.csproj", "{9433889B-DF0C-4D87-88EE-5394A6E45C92}"
EndProject
Project("{FAE04EC0-301F-11D3-BF4B-00C04F79EFBC}") = "FilmRentals.Data", "Data\FilmRentals.Data.csproj", "{13066942-4D32-41C2-ADB5-3AB6F20159BA}"
EndProject
Project("{FAE04EC0-301F-11D3-BF4B-00C04F79EFBC}") = "FilmRentals.Client", "Template.Client\FilmRentals.Client.csproj", "{9F3A372C-4F7F-4094-A399-BCB2E8397D2E}"
EndProject
Project("{FAE04EC0-301F-11D3-BF4B-00C04F79EFBC}") = "FilmRentals.Server", "Template.Server\FilmRentals.Server.csproj", "{19C44CF1-95B0-41CF-BF8A-BF67F927C469}"
EndProject
Global
	GlobalSection(SolutionConfigurationPlatforms) = preSolution
		Debug|Any CPU = Debug|Any CPU
		Release|Any CPU = Release|Any CPU
	EndGlobalSection
	GlobalSection(ProjectConfigurationPlatforms) = postSolution
		{9433889B-DF0C-4D87-88EE-5394A6E45C92}.Debug|Any CPU.ActiveCfg = Debug|Any CPU
		{9433889B-DF0C-4D87-88EE-5394A6E45C92}.Debug|Any CPU.Build.0 = Debug|Any CPU
		{9433889B-DF0C-4D87-88EE-5394A6E45C92}.Release|Any CPU.ActiveCfg = Release|Any CPU
		{9433889B-DF0C-4D87-88EE-5394A6E45C92}.Release|Any CPU.Build.0 = Release|Any CPU
		{13066942-4D32-41C2-ADB5-3AB6F20159BA}.Debug|Any CPU.ActiveCfg = Debug|Any CPU
		{13066942-4D32-41C2-ADB5-3AB6F20159BA}.Debug|Any CPU.Build.0 = Debug|Any CPU
		{13066942-4D32-41C2-ADB5-3AB6F20159BA}.Release|Any CPU.ActiveCfg = Release|Any CPU
		{13066942-4D32-41C2-ADB5-3AB6F20159BA}.Release|Any CPU.Build.0 = Release|Any CPU
		{9F3A372C-4F7F-4094-A399-BCB2E8397D2E}.Debug|Any CPU.ActiveCfg = Debug|Any CPU
		{9F3A372C-4F7F-4094-A399-BCB2E8397D2E}.Debug|Any CPU.Build.0 = Debug|Any CPU
		{9F3A372C-4F7F-4094-A399-BCB2E8397D2E}.Release|Any CPU.ActiveCfg = Release|Any CPU
		{9F3A372C-4F7F-4094-A399-BCB2E8397D2E}.Release|Any CPU.Build.0 = Release|Any CPU
		{19C44CF1-95B0-41CF-BF8A-BF67F927C469}.Debug|Any CPU.ActiveCfg = Debug|Any CPU
		{19C44CF1-95B0-41CF-BF8A-BF67F927C469}.Debug|Any CPU.Build.0 = Debug|Any CPU
		{19C44CF1-95B0-41CF-BF8A-BF67F927C469}.Release|Any CPU.ActiveCfg = Release|Any CPU
		{19C44CF1-95B0-41CF-BF8A-BF67F927C469}.Release|Any CPU.Build.0 = Release|Any CPU
	EndGlobalSection
	GlobalSection(SolutionProperties) = preSolution
		HideSolutionNode = FALSE
	EndGlobalSection
EndGlobal
