
Microsoft Visual Studio Solution File, Format Version 12.00
# Visual Studio 14
VisualStudioVersion = 14.0.25420.1
MinimumVisualStudioVersion = 10.0.40219.1
Project("{888888A0-9F3D-457C-B088-3A5042F75D52}") = "PythonFractions", "PythonFractions\PythonFractions.pyproj", "{A08898C3-5C44-4FE0-8EAF-D3B597F8232E}"
EndProject
Project("{FAE04EC0-301F-11D3-BF4B-00C04F79EFBC}") = "CSharpFractions", "CSharpFractions\CSharpFractions.csproj", "{5EEFF255-D150-420B-8A4E-5693FA474716}"
EndProject
Project("{FAE04EC0-301F-11D3-BF4B-00C04F79EFBC}") = "CSharpFractionsTest", "CSharpFractionsTest\CSharpFractionsTest.csproj", "{F9E0B1C1-D694-4F64-BE86-5CB46A426286}"
EndProject
Global
	GlobalSection(SolutionConfigurationPlatforms) = preSolution
		Debug|Any CPU = Debug|Any CPU
		Release|Any CPU = Release|Any CPU
	EndGlobalSection
	GlobalSection(ProjectConfigurationPlatforms) = postSolution
		{A08898C3-5C44-4FE0-8EAF-D3B597F8232E}.Debug|Any CPU.ActiveCfg = Debug|Any CPU
		{A08898C3-5C44-4FE0-8EAF-D3B597F8232E}.Release|Any CPU.ActiveCfg = Release|Any CPU
		{5EEFF255-D150-420B-8A4E-5693FA474716}.Debug|Any CPU.ActiveCfg = Debug|Any CPU
		{5EEFF255-D150-420B-8A4E-5693FA474716}.Debug|Any CPU.Build.0 = Debug|Any CPU
		{5EEFF255-D150-420B-8A4E-5693FA474716}.Release|Any CPU.ActiveCfg = Release|Any CPU
		{5EEFF255-D150-420B-8A4E-5693FA474716}.Release|Any CPU.Build.0 = Release|Any CPU
		{F9E0B1C1-D694-4F64-BE86-5CB46A426286}.Debug|Any CPU.ActiveCfg = Debug|Any CPU
		{F9E0B1C1-D694-4F64-BE86-5CB46A426286}.Debug|Any CPU.Build.0 = Debug|Any CPU
		{F9E0B1C1-D694-4F64-BE86-5CB46A426286}.Release|Any CPU.ActiveCfg = Release|Any CPU
		{F9E0B1C1-D694-4F64-BE86-5CB46A426286}.Release|Any CPU.Build.0 = Release|Any CPU
	EndGlobalSection
	GlobalSection(SolutionProperties) = preSolution
		HideSolutionNode = FALSE
	EndGlobalSection
EndGlobal
